{
  "nodes": {
    "bufdelete-nvim": {
      "flake": false,
      "locked": {
        "lastModified": 1670152487,
        "narHash": "sha256-QRSGD0RJ0Jmee43ODr+d4JXEyMHo/UklpUyezGJqWyE=",
        "owner": "famiu",
        "repo": "bufdelete.nvim",
        "rev": "f79e9d186b42fba5f1b1362006e7c70240db97a4",
        "type": "github"
      },
      "original": {
        "owner": "famiu",
        "repo": "bufdelete.nvim",
        "type": "github"
      }
    },
    "bufferline": {
      "flake": false,
      "locked": {
        "lastModified": 1671876022,
        "narHash": "sha256-q8nwZRN97Sfrr7lHtNYwGdbS63obMOAxFFs/gSvqbqM=",
        "owner": "akinsho",
        "repo": "nvim-bufferline.lua",
        "rev": "c7492a76ce8218e3335f027af44930576b561013",
        "type": "github"
      },
      "original": {
        "owner": "akinsho",
        "repo": "nvim-bufferline.lua",
        "type": "github"
      }
    },
    "clangd_extensions": {
      "flake": false,
      "locked": {
        "lastModified": 1672694185,
        "narHash": "sha256-yvOZzbDlpkWRlwITgFuRf6PJv64NwDNw/cSvIq93LF4=",
        "owner": "p00f",
        "repo": "clangd_extensions.nvim",
        "rev": "a5c3c8390dfb342d630bdc25941a4d8f433510be",
        "type": "github"
      },
      "original": {
        "owner": "p00f",
        "repo": "clangd_extensions.nvim",
        "type": "github"
      }
    },
    "cmp-buffer": {
      "flake": false,
      "locked": {
        "lastModified": 1660101488,
        "narHash": "sha256-dG4U7MtnXThoa/PD+qFtCt76MQ14V1wX8GMYcvxEnbM=",
        "owner": "hrsh7th",
        "repo": "cmp-buffer",
        "rev": "3022dbc9166796b644a841a02de8dd1cc1d311fa",
        "type": "github"
      },
      "original": {
        "owner": "hrsh7th",
        "repo": "cmp-buffer",
        "type": "github"
      }
    },
    "cmp-nvim-lsp": {
      "flake": false,
      "locked": {
        "lastModified": 1668566979,
        "narHash": "sha256-Mqkp8IH/laUx0cK7S0BjusTT+OtOOJOamZM4+93RHdU=",
        "owner": "hrsh7th",
        "repo": "cmp-nvim-lsp",
        "rev": "59224771f91b86d1de12570b4070fe4ad7cd1eeb",
        "type": "github"
      },
      "original": {
        "owner": "hrsh7th",
        "repo": "cmp-nvim-lsp",
        "type": "github"
      }
    },
    "cmp-path": {
      "flake": false,
      "locked": {
        "lastModified": 1664784283,
        "narHash": "sha256-thppiiV3wjIaZnAXmsh7j3DUc6ceSCvGzviwFUnoPaI=",
        "owner": "hrsh7th",
        "repo": "cmp-path",
        "rev": "91ff86cd9c29299a64f968ebb45846c485725f23",
        "type": "github"
      },
      "original": {
        "owner": "hrsh7th",
        "repo": "cmp-path",
        "type": "github"
      }
    },
    "cmp-treesitter": {
      "flake": false,
      "locked": {
        "lastModified": 1666995820,
        "narHash": "sha256-+dOqV9QqN+s1no8vfL6DNeFBc2dYyduQqAH5zVwm3Rw=",
        "owner": "ray-x",
        "repo": "cmp-treesitter",
        "rev": "b40178b780d547bcf131c684bc5fd41af17d05f2",
        "type": "github"
      },
      "original": {
        "owner": "ray-x",
        "repo": "cmp-treesitter",
        "type": "github"
      }
    },
    "cmp-vsnip": {
      "flake": false,
      "locked": {
        "lastModified": 1669100283,
        "narHash": "sha256-2mkN03noOr5vBvRbSb35xZKorSH+8savQNZtgM9+QcM=",
        "owner": "hrsh7th",
        "repo": "cmp-vsnip",
        "rev": "989a8a73c44e926199bfd05fa7a516d51f2d2752",
        "type": "github"
      },
      "original": {
        "owner": "hrsh7th",
        "repo": "cmp-vsnip",
        "type": "github"
      }
    },
    "dashboard-nvim": {
      "flake": false,
      "locked": {
        "lastModified": 1673348021,
        "narHash": "sha256-gDo2VblNax/MHDD6/8aiFFjK/+5fmPJc3Av2LRVmfJ8=",
        "owner": "glepnir",
        "repo": "dashboard-nvim",
        "rev": "f7d623457d6621b25a1292b24e366fae40cb79ab",
        "type": "github"
      },
      "original": {
        "owner": "glepnir",
        "repo": "dashboard-nvim",
        "type": "github"
      }
    },
    "flake-utils": {
      "locked": {
        "lastModified": 1667395993,
        "narHash": "sha256-nuEHfE/LcWyuSWnS8t12N1wc105Qtau+/OdUAjtQ0rA=",
        "owner": "numtide",
        "repo": "flake-utils",
        "rev": "5aed5285a952e0b949eb3ba02c12fa4fcfef535f",
        "type": "github"
      },
      "original": {
        "owner": "numtide",
        "repo": "flake-utils",
        "type": "github"
      }
    },
    "git-messenger": {
      "flake": false,
      "locked": {
        "lastModified": 1661833086,
        "narHash": "sha256-SAnGSSjHbwlpkpyjlINr5rgL7M28W42bWGvQrkOQl1w=",
        "owner": "rhysd",
        "repo": "git-messenger.vim",
        "rev": "8a61bdfa351d4df9a9118ee1d3f45edbed617072",
        "type": "github"
      },
      "original": {
        "owner": "rhysd",
        "repo": "git-messenger.vim",
        "type": "github"
      }
    },
    "glow-nvim": {
      "flake": false,
      "locked": {
        "lastModified": 1669815579,
        "narHash": "sha256-rI9K5CXjF5J62HYhY3NBiLlos2lwdWOQ7f4XNEX/dH4=",
        "owner": "ellisonleao",
        "repo": "glow.nvim",
        "rev": "20d1cd087f8728f21a048a3b6259f6177237b39e",
        "type": "github"
      },
      "original": {
        "owner": "ellisonleao",
        "repo": "glow.nvim",
        "type": "github"
      }
    },
    "inc-rename": {
      "flake": false,
      "locked": {
        "lastModified": 1667603369,
        "narHash": "sha256-uL+OlBBPeCOUXiB1Y7xmjx6nOGQ5hcq4yeO0Ear8SWI=",
        "owner": "smjonas",
        "repo": "inc-rename.nvim",
        "rev": "48c4aa2be19f79e79b465a9bb37ee9fbe6c606f5",
        "type": "github"
      },
      "original": {
        "owner": "smjonas",
        "repo": "inc-rename.nvim",
        "type": "github"
      }
    },
    "indent-blankline": {
      "flake": false,
      "locked": {
        "lastModified": 1670461953,
        "narHash": "sha256-BvRE4l10Ruz3j4JJwSAKuE9M3vd1blDbEHHlwIB2Vs0=",
        "owner": "lukas-reineke",
        "repo": "indent-blankline.nvim",
        "rev": "c4c203c3e8a595bc333abaf168fcb10c13ed5fb7",
        "type": "github"
      },
      "original": {
        "owner": "lukas-reineke",
        "repo": "indent-blankline.nvim",
        "type": "github"
      }
    },
    "lsp-signature": {
      "flake": false,
      "locked": {
        "lastModified": 1671845191,
        "narHash": "sha256-3p+wnRDBnt0Ey5lJxUUMLLfRdYR0KMue6BW43uIlKDY=",
        "owner": "ray-x",
        "repo": "lsp_signature.nvim",
        "rev": "1979f1118e2b38084e7c148f279eed6e9300a342",
        "type": "github"
      },
      "original": {
        "owner": "ray-x",
        "repo": "lsp_signature.nvim",
        "type": "github"
      }
    },
    "lspkind": {
      "flake": false,
      "locked": {
        "lastModified": 1663824370,
        "narHash": "sha256-WwUQ+O2rIfD4yl0GFx70GsZc9nnhS7b2KWfNdaXCLmM=",
        "owner": "onsails",
        "repo": "lspkind-nvim",
        "rev": "c68b3a003483cf382428a43035079f78474cd11e",
        "type": "github"
      },
      "original": {
        "owner": "onsails",
        "repo": "lspkind-nvim",
        "type": "github"
      }
    },
    "lspsaga": {
      "flake": false,
      "locked": {
        "lastModified": 1670360222,
        "narHash": "sha256-7ENInq3LAPPTdm0Fb7klOc630j8m4LRj1kLZZFYLh68=",
        "owner": "tami5",
        "repo": "lspsaga.nvim",
        "rev": "5faeec9f2508d2d49a66c0ac0d191096b4e3fa81",
        "type": "github"
      },
      "original": {
        "owner": "tami5",
        "repo": "lspsaga.nvim",
        "type": "github"
      }
    },
    "lualine": {
      "flake": false,
      "locked": {
        "lastModified": 1673418538,
        "narHash": "sha256-3I9og+/lVRFJSpDVFwp2AM5bMqeP1KF8XB8Nyfpwhok=",
        "owner": "hoob3rt",
        "repo": "lualine.nvim",
        "rev": "0050b308552e45f7128f399886c86afefc3eb988",
        "type": "github"
      },
      "original": {
        "owner": "hoob3rt",
        "repo": "lualine.nvim",
        "type": "github"
      }
    },
    "moonfly": {
      "flake": false,
      "locked": {
        "lastModified": 1673333927,
        "narHash": "sha256-tICgsJH0zQjC7CI1QnX5HRYhfF2tmDQyEX7KPjg+vic=",
        "owner": "bluz71",
        "repo": "vim-moonfly-colors",
        "rev": "b6341c0783c4adb188743f311259be7a9c3e7970",
        "type": "github"
      },
      "original": {
        "owner": "bluz71",
        "repo": "vim-moonfly-colors",
        "type": "github"
      }
    },
    "neogit": {
      "flake": false,
      "locked": {
        "lastModified": 1673254075,
        "narHash": "sha256-vssCGtuUIaV/L2wLesTOcIt4BVXtnXJ3jQnPMlSxO/k=",
        "owner": "TimUntersberger",
        "repo": "neogit",
        "rev": "a364c3da583a78f707aac761f5927967a0165143",
        "type": "github"
      },
      "original": {
        "owner": "TimUntersberger",
        "repo": "neogit",
        "type": "github"
      }
    },
    "nightfox": {
      "flake": false,
      "locked": {
        "lastModified": 1673454803,
        "narHash": "sha256-YpdXi/vhtMh8Y9Cj0XgXmnUmAlQHkR1KC1ev0O3gv/I=",
        "owner": "EdenEast",
        "repo": "nightfox.nvim",
        "rev": "07332c1c62aba0c8f80ad677d44ca15009353bde",
        "type": "github"
      },
      "original": {
        "owner": "EdenEast",
        "repo": "nightfox.nvim",
        "type": "github"
      }
    },
    "nil": {
      "inputs": {
        "flake-utils": [
          "flake-utils"
        ],
        "nixpkgs": [
          "nixpkgs"
        ],
        "rust-overlay": "rust-overlay"
      },
      "locked": {
        "lastModified": 1672668722,
        "narHash": "sha256-i1MidLitMVa4k9UFbzdVoRyKy8y2NmYxVcVZdrdMEjw=",
        "owner": "oxalica",
        "repo": "nil",
        "rev": "0eff7fc333e3c0c064a6339834b44feae00fe64a",
        "type": "github"
      },
      "original": {
        "owner": "oxalica",
        "repo": "nil",
        "type": "github"
      }
    },
    "nixpkgs": {
      "locked": {
        "lastModified": 1673363027,
        "narHash": "sha256-nuPLEsEUvERI+gwmqknerUVHhdzDiZHKZ18Ibkvo7VQ=",
        "owner": "nixos",
        "repo": "nixpkgs",
        "rev": "d3b4150929d4fed7eb626695c4f78881cfcbeb9e",
        "type": "github"
      },
      "original": {
        "owner": "nixos",
        "ref": "nixpkgs-unstable",
        "repo": "nixpkgs",
        "type": "github"
      }
    },
    "nmd": {
      "flake": false,
      "locked": {
        "lastModified": 1673300051,
        "narHash": "sha256-C9/snpTLztZTqcdsUSExa/IHuWqjVMSIdqceOumtXZU=",
        "owner": "rycee",
        "repo": "nmd",
        "rev": "06c80103396a1a950586c23da1882c977b24bbda",
        "type": "gitlab"
      },
      "original": {
        "owner": "rycee",
        "repo": "nmd",
        "type": "gitlab"
      }
    },
    "null-ls": {
      "flake": false,
      "locked": {
        "lastModified": 1673106168,
        "narHash": "sha256-gEHFJERS1kmdTjIJPLliM/y5BJgGWcglzsnkFaIUQQg=",
        "owner": "jose-elias-alvarez",
        "repo": "null-ls.nvim",
        "rev": "915558963709ea17c5aa246ca1c9786bfee6ddb4",
        "type": "github"
      },
      "original": {
        "owner": "jose-elias-alvarez",
        "repo": "null-ls.nvim",
        "type": "github"
      }
    },
    "nvim-autopairs": {
      "flake": false,
      "locked": {
        "lastModified": 1673138947,
        "narHash": "sha256-C8Apt+TN8iiKT0s000aEn5yReVSlg/o5cXrTPXBN+pA=",
        "owner": "windwp",
        "repo": "nvim-autopairs",
        "rev": "f00eb3b766c370cb34fdabc29c760338ba9e4c6c",
        "type": "github"
      },
      "original": {
        "owner": "windwp",
        "repo": "nvim-autopairs",
        "type": "github"
      }
    },
    "nvim-cmp": {
      "flake": false,
      "locked": {
        "lastModified": 1672986556,
        "narHash": "sha256-3zPU7WsCow4t0LcG5AGOPEEtVyRZDvo6epzVc9MOGZ0=",
        "owner": "hrsh7th",
        "repo": "nvim-cmp",
        "rev": "11a95792a5be0f5a40bab5fc5b670e5b1399a939",
        "type": "github"
      },
      "original": {
        "owner": "hrsh7th",
        "repo": "nvim-cmp",
        "type": "github"
      }
    },
    "nvim-code-action-menu": {
      "flake": false,
      "locked": {
        "lastModified": 1671523188,
        "narHash": "sha256-7szx+Me6WhrANbmfQ6C6gfSVB2owd02b3iZYhz7K6wY=",
        "owner": "weilbith",
        "repo": "nvim-code-action-menu",
        "rev": "e4399dbaf6eabff998d3d5f1cbcd8d9933710027",
        "type": "github"
      },
      "original": {
        "owner": "weilbith",
        "repo": "nvim-code-action-menu",
        "type": "github"
      }
    },
    "nvim-compe": {
      "flake": false,
      "locked": {
        "lastModified": 1633188506,
        "narHash": "sha256-Y2oqvsuAKM3qjmmtJVD9z34682eCRF25kPL+rxhhg7I=",
        "owner": "hrsh7th",
        "repo": "nvim-compe",
        "rev": "d186d739c54823e0b010feb205c6f97792322c08",
        "type": "github"
      },
      "original": {
        "owner": "hrsh7th",
        "repo": "nvim-compe",
        "type": "github"
      }
    },
    "nvim-cursorline": {
      "flake": false,
      "locked": {
        "lastModified": 1650034925,
        "narHash": "sha256-Uhw65p1KBjs8KsVOmTzuiu3XKclxBob8AVdWEt30C/8=",
        "owner": "yamatsum",
        "repo": "nvim-cursorline",
        "rev": "804f0023692653b2b2368462d67d2a87056947f9",
        "type": "github"
      },
      "original": {
        "owner": "yamatsum",
        "repo": "nvim-cursorline",
        "type": "github"
      }
    },
    "nvim-fidget": {
      "flake": false,
      "locked": {
        "lastModified": 1669526502,
        "narHash": "sha256-FC0vjzpFhXmE/dtQ8XNjLarndf9v3JbokBxnK3yVVYQ=",
        "owner": "j-hui",
        "repo": "fidget.nvim",
        "rev": "44585a0c0085765195e6961c15529ba6c5a2a13b",
        "type": "github"
      },
      "original": {
        "owner": "j-hui",
        "repo": "fidget.nvim",
        "type": "github"
      }
    },
    "nvim-lightbulb": {
      "flake": false,
      "locked": {
        "lastModified": 1661474119,
        "narHash": "sha256-nw6H/dS4dHdrobnrfJVa8urWrMnbTWrA5bQJy9xbKXY=",
        "owner": "kosayoda",
        "repo": "nvim-lightbulb",
        "rev": "56b9ce31ec9d09d560fe8787c0920f76bc208297",
        "type": "github"
      },
      "original": {
        "owner": "kosayoda",
        "repo": "nvim-lightbulb",
        "type": "github"
      }
    },
    "nvim-lspconfig": {
      "flake": false,
      "locked": {
        "lastModified": 1673432243,
        "narHash": "sha256-w6rjvLVZ3y4hn6cyJ1enhEo471AN85sd5FPshZL22ZQ=",
        "owner": "neovim",
        "repo": "nvim-lspconfig",
        "rev": "f0221821d8ceed70f0525a2c35380ba56672e107",
        "type": "github"
      },
      "original": {
        "owner": "neovim",
        "repo": "nvim-lspconfig",
        "type": "github"
      }
    },
    "nvim-neoclip": {
      "flake": false,
      "locked": {
        "lastModified": 1673318732,
        "narHash": "sha256-dkonuajW5WIAb0SjIgNV3/VrwEe/ffyvrkGkRJ7/kQA=",
        "owner": "AckslD",
        "repo": "nvim-neoclip.lua",
        "rev": "e112a0bfaf137bcc0df361a4bad98bc21657ae2c",
        "type": "github"
      },
      "original": {
        "owner": "AckslD",
        "repo": "nvim-neoclip.lua",
        "type": "github"
      }
    },
    "nvim-tree-lua": {
      "flake": false,
      "locked": {
        "lastModified": 1673317973,
        "narHash": "sha256-xZqzesS4Qa+c3FGcrWesTxgI4tVKz3APr/XGwD90By4=",
        "owner": "kyazdani42",
        "repo": "nvim-tree.lua",
        "rev": "3ce0a8e770f70a135ef969e0a640bd8d05baf42c",
        "type": "github"
      },
      "original": {
        "owner": "kyazdani42",
        "repo": "nvim-tree.lua",
        "type": "github"
      }
    },
    "nvim-treesitter": {
      "flake": false,
      "locked": {
        "lastModified": 1673470169,
        "narHash": "sha256-QVhtSsUfI6EixTrK1JprPvEZTLFGUW/34zI9vnLGLSY=",
        "owner": "nvim-treesitter",
        "repo": "nvim-treesitter",
        "rev": "bf5be49d99be4f7e199144d4c8c9413f45fa43b6",
        "type": "github"
      },
      "original": {
        "owner": "nvim-treesitter",
        "repo": "nvim-treesitter",
        "type": "github"
      }
    },
    "nvim-treesitter-context": {
      "flake": false,
      "locked": {
        "lastModified": 1672994337,
        "narHash": "sha256-DBbsv7nefBwgUtBqviPVzd8/Kqh+oy7cjWhiFz4vMjU=",
        "owner": "nvim-treesitter",
        "repo": "nvim-treesitter-context",
        "rev": "cacee4828152dd3a83736169ae61bbcd29a3d213",
        "type": "github"
      },
      "original": {
        "owner": "nvim-treesitter",
        "repo": "nvim-treesitter-context",
        "type": "github"
      }
    },
    "nvim-ts-autotag": {
      "flake": false,
      "locked": {
        "lastModified": 1660219579,
        "narHash": "sha256-ltGiYNXWpWSI5RrWTVR+k6SZjcZbsHtH5m9uHTMKnzM=",
        "owner": "windwp",
        "repo": "nvim-ts-autotag",
        "rev": "fdefe46c6807441460f11f11a167a2baf8e4534b",
        "type": "github"
      },
      "original": {
        "owner": "windwp",
        "repo": "nvim-ts-autotag",
        "type": "github"
      }
    },
    "nvim-web-devicons": {
      "flake": false,
      "locked": {
        "lastModified": 1673302981,
        "narHash": "sha256-CqrScj0h3uNb1awuYIRdTji2llyF61qdshQmmZT8d+M=",
        "owner": "kyazdani42",
        "repo": "nvim-web-devicons",
        "rev": "6c38926351372ea87034dec26182b62c835ff3bc",
        "type": "github"
      },
      "original": {
        "owner": "kyazdani42",
        "repo": "nvim-web-devicons",
        "type": "github"
      }
    },
    "onedark": {
      "flake": false,
      "locked": {
        "lastModified": 1669609089,
        "narHash": "sha256-W4q1YGNOlZoMsAHmiLqX+9FyvCainVmaKtEnkrNgQXQ=",
        "owner": "navarasu",
        "repo": "onedark.nvim",
        "rev": "89dde4963ad198c9b6144dee3d5e8bcbb7559ddc",
        "type": "github"
      },
      "original": {
        "owner": "navarasu",
        "repo": "onedark.nvim",
        "type": "github"
      }
    },
    "plenary-nvim": {
      "flake": false,
      "locked": {
        "lastModified": 1673361461,
        "narHash": "sha256-UWrp5ZoDRhOXSMsHZxrZHPfqBtgnKWf9SA8ChIVKF4o=",
        "owner": "nvim-lua",
        "repo": "plenary.nvim",
        "rev": "1c7e3e6b0f4dd5a174fcea9fda8a4d7de593b826",
        "type": "github"
      },
      "original": {
        "owner": "nvim-lua",
        "repo": "plenary.nvim",
        "type": "github"
      }
    },
    "registers": {
      "flake": false,
      "locked": {
        "lastModified": 1671111037,
        "narHash": "sha256-puQwsmi07lLgBDvo7lqHH+sr4ePzgrStD+4Zqya6VUg=",
        "owner": "tversteeg",
        "repo": "registers.nvim",
        "rev": "667ae447d2c7efb64461a2c58f5311d1248cdb5f",
        "type": "github"
      },
      "original": {
        "owner": "tversteeg",
        "repo": "registers.nvim",
        "type": "github"
      }
    },
    "root": {
      "inputs": {
        "bufdelete-nvim": "bufdelete-nvim",
        "bufferline": "bufferline",
        "clangd_extensions": "clangd_extensions",
        "cmp-buffer": "cmp-buffer",
        "cmp-nvim-lsp": "cmp-nvim-lsp",
        "cmp-path": "cmp-path",
        "cmp-treesitter": "cmp-treesitter",
        "cmp-vsnip": "cmp-vsnip",
        "dashboard-nvim": "dashboard-nvim",
        "flake-utils": "flake-utils",
        "git-messenger": "git-messenger",
        "glow-nvim": "glow-nvim",
        "inc-rename": "inc-rename",
        "indent-blankline": "indent-blankline",
        "lsp-signature": "lsp-signature",
        "lspkind": "lspkind",
        "lspsaga": "lspsaga",
        "lualine": "lualine",
        "moonfly": "moonfly",
        "neogit": "neogit",
        "nightfox": "nightfox",
        "nil": "nil",
        "nixpkgs": "nixpkgs",
        "nmd": "nmd",
        "null-ls": "null-ls",
        "nvim-autopairs": "nvim-autopairs",
        "nvim-cmp": "nvim-cmp",
        "nvim-code-action-menu": "nvim-code-action-menu",
        "nvim-compe": "nvim-compe",
        "nvim-cursorline": "nvim-cursorline",
        "nvim-fidget": "nvim-fidget",
        "nvim-lightbulb": "nvim-lightbulb",
        "nvim-lspconfig": "nvim-lspconfig",
        "nvim-neoclip": "nvim-neoclip",
        "nvim-tree-lua": "nvim-tree-lua",
        "nvim-treesitter": "nvim-treesitter",
        "nvim-treesitter-context": "nvim-treesitter-context",
        "nvim-ts-autotag": "nvim-ts-autotag",
        "nvim-web-devicons": "nvim-web-devicons",
        "onedark": "onedark",
        "plenary-nvim": "plenary-nvim",
        "registers": "registers",
        "telescope": "telescope",
        "telescope-ui-select": "telescope-ui-select",
        "todo-comments": "todo-comments",
        "toggleterm": "toggleterm",
        "trouble": "trouble",
        "vim-vsnip": "vim-vsnip",
        "which-key": "which-key"
      }
    },
    "rust-overlay": {
      "inputs": {
        "flake-utils": [
          "nil",
          "flake-utils"
        ],
        "nixpkgs": [
          "nil",
          "nixpkgs"
        ]
      },
      "locked": {
        "lastModified": 1672280602,
        "narHash": "sha256-aBO2MgTv8Pj24j+q0BKFHV5XmAuAn6+iw7AVNW4wUxc=",
        "owner": "oxalica",
        "repo": "rust-overlay",
        "rev": "ede977678e5d0164316998487e686d0790744cd7",
        "type": "github"
      },
      "original": {
        "owner": "oxalica",
        "repo": "rust-overlay",
        "type": "github"
      }
    },
    "telescope": {
      "flake": false,
      "locked": {
        "lastModified": 1673445644,
        "narHash": "sha256-Jca+BFySFwfExgUawWXmOccV5oiMJ4AOMh1jL52ouh4=",
        "owner": "nvim-telescope",
        "repo": "telescope.nvim",
        "rev": "1ba7278cf08da8048e7f589ef6b65a39fd3e4dbf",
        "type": "github"
      },
      "original": {
        "owner": "nvim-telescope",
        "repo": "telescope.nvim",
        "type": "github"
      }
    },
    "telescope-ui-select": {
      "flake": false,
      "locked": {
        "lastModified": 1651305900,
        "narHash": "sha256-/JM2KX70JXa3sydrUj13Vd4rRwhn3VrdW7qLLHqIqyY=",
        "owner": "nvim-telescope",
        "repo": "telescope-ui-select.nvim",
        "rev": "62ea5e58c7bbe191297b983a9e7e89420f581369",
        "type": "github"
      },
      "original": {
        "owner": "nvim-telescope",
        "repo": "telescope-ui-select.nvim",
        "type": "github"
      }
    },
    "todo-comments": {
      "flake": false,
      "locked": {
        "lastModified": 1672860956,
        "narHash": "sha256-GdasPLHjWpva16plbA+WM8oV5sCen6+sGjVjxRukb78=",
        "owner": "folke",
        "repo": "todo-comments.nvim",
        "rev": "077c59586d9d0726b0696dc5680eb863f4e04bc5",
        "type": "github"
      },
      "original": {
        "owner": "folke",
        "repo": "todo-comments.nvim",
        "type": "github"
      }
    },
    "toggleterm": {
      "flake": false,
      "locked": {
        "lastModified": 1670593071,
        "narHash": "sha256-0n3WbUM3rYyR2BXgeyYuyTZIbIs5dzuIu8imsSvAc8U=",
        "owner": "akinsho",
        "repo": "toggleterm.nvim",
        "rev": "b02a1674bd0010d7982b056fd3df4f717ff8a57a",
        "type": "github"
      },
      "original": {
        "owner": "akinsho",
        "repo": "toggleterm.nvim",
        "type": "github"
      }
    },
    "trouble": {
      "flake": false,
      "locked": {
        "lastModified": 1672860967,
        "narHash": "sha256-U9P5WgUsZjer2AekfrDeYDIpmcj0Hp4NEvX0Q5VqFlw=",
        "owner": "folke",
        "repo": "trouble.nvim",
        "rev": "83ec606e7065adf134d17f4af6bae510e3c491c1",
        "type": "github"
      },
      "original": {
        "owner": "folke",
        "repo": "trouble.nvim",
        "type": "github"
      }
    },
    "vim-vsnip": {
      "flake": false,
      "locked": {
        "lastModified": 1671546474,
        "narHash": "sha256-vFYn5fAM7AAuvTI5behiYM08sV2qQyV7zZ++jgpZfSc=",
        "owner": "hrsh7th",
        "repo": "vim-vsnip",
        "rev": "8dde8c0ef10bb1afdbb301e2bd7eb1c153dd558e",
        "type": "github"
      },
      "original": {
        "owner": "hrsh7th",
        "repo": "vim-vsnip",
        "type": "github"
      }
    },
    "which-key": {
      "flake": false,
      "locked": {
        "lastModified": 1673467274,
        "narHash": "sha256-JKdrNs3biRIk2acfXqGxPgWLaR4c7UXTwSsQS6JKyRY=",
        "owner": "folke",
        "repo": "which-key.nvim",
        "rev": "98321b68ef26f172a74da043d4e74e95b8d7a984",
        "type": "github"
      },
      "original": {
        "owner": "folke",
        "repo": "which-key.nvim",
        "type": "github"
      }
    }
  },
  "root": "root",
  "version": 7
}
