{
  "nodes": {
    "beautysh": {
      "inputs": {
        "nixpkgs": [
          "nixvim",
          "nixpkgs"
        ],
        "poetry2nix": "poetry2nix",
        "utils": "utils"
      },
      "locked": {
        "lastModified": 1680308980,
        "narHash": "sha256-aUEHV0jk2qIFP3jlsWYWhBbm+w/N9gzH3e4I5DcdB5s=",
        "owner": "lovesegfault",
        "repo": "beautysh",
        "rev": "9845efc3ea3e86cc0d41465d720a47f521b2799c",
        "type": "github"
      },
      "original": {
        "owner": "lovesegfault",
        "repo": "beautysh",
        "type": "github"
      }
    },
    "flake-compat": {
      "flake": false,
      "locked": {
        "lastModified": 1673956053,
        "narHash": "sha256-4gtG9iQuiKITOjNQQeQIpoIB6b16fm+504Ch3sNKLd8=",
        "owner": "edolstra",
        "repo": "flake-compat",
        "rev": "35bb57c0c8d8b62bbfd284272c928ceb64ddbde9",
        "type": "github"
      },
      "original": {
        "owner": "edolstra",
        "repo": "flake-compat",
        "type": "github"
      }
    },
    "flake-utils": {
      "locked": {
        "lastModified": 1667395993,
        "narHash": "sha256-nuEHfE/LcWyuSWnS8t12N1wc105Qtau+/OdUAjtQ0rA=",
        "owner": "numtide",
        "repo": "flake-utils",
        "rev": "5aed5285a952e0b949eb3ba02c12fa4fcfef535f",
        "type": "github"
      },
      "original": {
        "owner": "numtide",
        "repo": "flake-utils",
        "type": "github"
      }
    },
    "flake-utils_2": {
      "inputs": {
        "systems": "systems"
      },
      "locked": {
        "lastModified": 1681202837,
        "narHash": "sha256-H+Rh19JDwRtpVPAWp64F+rlEtxUWBAQW28eAi3SRSzg=",
        "owner": "numtide",
        "repo": "flake-utils",
        "rev": "cfacdce06f30d2b68473a46042957675eebb3401",
        "type": "github"
      },
      "original": {
        "owner": "numtide",
        "repo": "flake-utils",
        "type": "github"
      }
    },
    "flake-utils_3": {
      "locked": {
        "lastModified": 1667395993,
        "narHash": "sha256-nuEHfE/LcWyuSWnS8t12N1wc105Qtau+/OdUAjtQ0rA=",
        "owner": "numtide",
        "repo": "flake-utils",
        "rev": "5aed5285a952e0b949eb3ba02c12fa4fcfef535f",
        "type": "github"
      },
      "original": {
        "owner": "numtide",
        "repo": "flake-utils",
        "type": "github"
      }
    },
    "gitignore": {
      "inputs": {
        "nixpkgs": [
          "nixvim",
          "pre-commit-hooks",
          "nixpkgs"
        ]
      },
      "locked": {
        "lastModified": 1660459072,
        "narHash": "sha256-8DFJjXG8zqoONA1vXtgeKXy68KdJL5UaXR8NtVMUbx8=",
        "owner": "hercules-ci",
        "repo": "gitignore.nix",
        "rev": "a20de23b925fd8264fd7fad6454652e142fd7f73",
        "type": "github"
      },
      "original": {
        "owner": "hercules-ci",
        "repo": "gitignore.nix",
        "type": "github"
      }
    },
    "neovim-flake": {
      "inputs": {
        "flake-utils": "flake-utils",
        "nixpkgs": [
          "nixpkgs"
        ]
      },
      "locked": {
        "dir": "contrib",
        "lastModified": 1680988029,
        "narHash": "sha256-jaNC/WsWbodeKD5QA82NnFCZE6DiQZZtaJF2A/yxrAE=",
        "owner": "neovim",
        "repo": "neovim",
        "rev": "339011f59c25937567f1e88d663c22dade5e217a",
        "type": "github"
      },
      "original": {
        "dir": "contrib",
        "owner": "neovim",
        "repo": "neovim",
        "type": "github"
      }
    },
    "nixpkgs": {
      "locked": {
        "lastModified": 1681510139,
        "narHash": "sha256-pmZoMRkTxEp/EIqUPScTUOOhpPOSLJSL4eahsiP2mxI=",
        "owner": "nixos",
        "repo": "nixpkgs",
        "rev": "639d4f17218568afd6494dbd807bebb2beb9d6b3",
        "type": "github"
      },
      "original": {
        "owner": "nixos",
        "ref": "nixpkgs-unstable",
        "repo": "nixpkgs",
        "type": "github"
      }
    },
    "nixpkgs-stable": {
      "locked": {
        "lastModified": 1678872516,
        "narHash": "sha256-/E1YwtMtFAu2KUQKV/1+KFuReYPANM2Rzehk84VxVoc=",
        "owner": "NixOS",
        "repo": "nixpkgs",
        "rev": "9b8e5abb18324c7fe9f07cb100c3cd4a29cda8b8",
        "type": "github"
      },
      "original": {
        "owner": "NixOS",
        "ref": "nixos-22.11",
        "repo": "nixpkgs",
        "type": "github"
      }
    },
    "nixvim": {
      "inputs": {
        "beautysh": "beautysh",
        "flake-utils": "flake-utils_2",
        "nixpkgs": [
          "nixpkgs"
        ],
        "pre-commit-hooks": "pre-commit-hooks"
      },
      "locked": {
        "lastModified": 1681564885,
        "narHash": "sha256-dU7rg1a91Fp/X0bhVGS6Y4kM62tovAanrPrOkpa9ZYw=",
        "owner": "pta2002",
        "repo": "nixvim",
        "rev": "121566a267e0a9f4030e50838b1ba4c38cd6c6c5",
        "type": "github"
      },
      "original": {
        "owner": "pta2002",
        "repo": "nixvim",
        "type": "github"
      }
    },
    "plugin:clangd_extensions-nvim": {
      "flake": false,
      "locked": {
        "lastModified": 1678444861,
        "narHash": "sha256-9WOHlHA8ZntaEe8qFZm9B4KXH2mnYxJ6VC06F3TgxhQ=",
        "owner": "p00f",
        "repo": "clangd_extensions.nvim",
        "rev": "798e377ec859087132b81d2f347b5080580bd6b1",
        "type": "github"
      },
      "original": {
        "owner": "p00f",
        "repo": "clangd_extensions.nvim",
        "type": "github"
      }
    },
    "plugin:cmp-buffer": {
      "flake": false,
      "locked": {
        "lastModified": 1660101488,
        "narHash": "sha256-dG4U7MtnXThoa/PD+qFtCt76MQ14V1wX8GMYcvxEnbM=",
        "owner": "hrsh7th",
        "repo": "cmp-buffer",
        "rev": "3022dbc9166796b644a841a02de8dd1cc1d311fa",
        "type": "github"
      },
      "original": {
        "owner": "hrsh7th",
        "repo": "cmp-buffer",
        "type": "github"
      }
    },
    "plugin:cmp-nvim-lsp": {
      "flake": false,
      "locked": {
        "lastModified": 1675708067,
        "narHash": "sha256-DxpcPTBlvVP88PDoTheLV2fC76EXDqS2UpM5mAfj/D4=",
        "owner": "hrsh7th",
        "repo": "cmp-nvim-lsp",
        "rev": "0e6b2ed705ddcff9738ec4ea838141654f12eeef",
        "type": "github"
      },
      "original": {
        "owner": "hrsh7th",
        "repo": "cmp-nvim-lsp",
        "type": "github"
      }
    },
    "plugin:cmp-path": {
      "flake": false,
      "locked": {
        "lastModified": 1664784283,
        "narHash": "sha256-thppiiV3wjIaZnAXmsh7j3DUc6ceSCvGzviwFUnoPaI=",
        "owner": "hrsh7th",
        "repo": "cmp-path",
        "rev": "91ff86cd9c29299a64f968ebb45846c485725f23",
        "type": "github"
      },
      "original": {
        "owner": "hrsh7th",
        "repo": "cmp-path",
        "type": "github"
      }
    },
    "plugin:cmp_luasnip": {
      "flake": false,
      "locked": {
        "lastModified": 1666943769,
        "narHash": "sha256-Z5SPy3j2oHFxJ7bK8DP8Q/oRyLEMlnWyIfDaQcNVIS0=",
        "owner": "saadparwaiz1",
        "repo": "cmp_luasnip",
        "rev": "18095520391186d634a0045dacaa346291096566",
        "type": "github"
      },
      "original": {
        "owner": "saadparwaiz1",
        "repo": "cmp_luasnip",
        "type": "github"
      }
    },
    "plugin:comment-nvim": {
      "flake": false,
      "locked": {
        "lastModified": 1678452935,
        "narHash": "sha256-mVJJJ9fUJYgVyGZnW8e6P5QWB0K8nuhTwSWzlBvxv2M=",
        "owner": "numtostr",
        "repo": "comment.nvim",
        "rev": "8d3aa5c22c2d45e788c7a5fe13ad77368b783c20",
        "type": "github"
      },
      "original": {
        "owner": "numtostr",
        "repo": "comment.nvim",
        "type": "github"
      }
    },
    "plugin:git-messenger-vim": {
      "flake": false,
      "locked": {
        "lastModified": 1661833086,
        "narHash": "sha256-SAnGSSjHbwlpkpyjlINr5rgL7M28W42bWGvQrkOQl1w=",
        "owner": "rhysd",
        "repo": "git-messenger.vim",
        "rev": "8a61bdfa351d4df9a9118ee1d3f45edbed617072",
        "type": "github"
      },
      "original": {
        "owner": "rhysd",
        "repo": "git-messenger.vim",
        "type": "github"
      }
    },
    "plugin:gitsigns-nvim": {
      "flake": false,
      "locked": {
        "lastModified": 1680593514,
        "narHash": "sha256-nUVVEO06giiJURxT7qNHbX9C1ljZtchUeOdEoCQBk3E=",
        "owner": "lewis6991",
        "repo": "gitsigns.nvim",
        "rev": "372d5cb485f2062ac74abc5b33054abac21d8b58",
        "type": "github"
      },
      "original": {
        "owner": "lewis6991",
        "repo": "gitsigns.nvim",
        "type": "github"
      }
    },
    "plugin:inc-rename-nvim": {
      "flake": false,
      "locked": {
        "lastModified": 1680737971,
        "narHash": "sha256-2D2jlDSeB2fy5/PK3M7aHk/X4Zv7esKPya3QOiH8GdI=",
        "owner": "smjonas",
        "repo": "inc-rename.nvim",
        "rev": "fb1b7468f27d874feb209eac46be5205e20b7fd3",
        "type": "github"
      },
      "original": {
        "owner": "smjonas",
        "repo": "inc-rename.nvim",
        "type": "github"
      }
    },
    "plugin:indent-blankline-nvim": {
      "flake": false,
      "locked": {
        "lastModified": 1676854912,
        "narHash": "sha256-dBm0vnza+fBYxlgUDR1/57GZ+kd7CUVgkQIcZEFWl9k=",
        "owner": "lukas-reineke",
        "repo": "indent-blankline.nvim",
        "rev": "018bd04d80c9a73d399c1061fa0c3b14a7614399",
        "type": "github"
      },
      "original": {
        "owner": "lukas-reineke",
        "repo": "indent-blankline.nvim",
        "type": "github"
      }
    },
    "plugin:lspkind-nvim": {
      "flake": false,
      "locked": {
        "lastModified": 1663824370,
        "narHash": "sha256-WwUQ+O2rIfD4yl0GFx70GsZc9nnhS7b2KWfNdaXCLmM=",
        "owner": "onsails",
        "repo": "lspkind.nvim",
        "rev": "c68b3a003483cf382428a43035079f78474cd11e",
        "type": "github"
      },
      "original": {
        "owner": "onsails",
        "repo": "lspkind.nvim",
        "type": "github"
      }
    },
    "plugin:lualine-nvim": {
      "flake": false,
      "locked": {
        "lastModified": 1681033736,
        "narHash": "sha256-u79S3wFJ72vcLp7F0f/s21Kvl/pMRI8CkB+8usPQob4=",
        "owner": "nvim-lualine",
        "repo": "lualine.nvim",
        "rev": "84ffb80e452d95e2c46fa29a98ea11a240f7843e",
        "type": "github"
      },
      "original": {
        "owner": "nvim-lualine",
        "repo": "lualine.nvim",
        "type": "github"
      }
    },
    "plugin:luasnip": {
      "flake": false,
      "locked": {
        "lastModified": 1679948630,
        "narHash": "sha256-aZ3q/x/c46010iDbynTREx/+bWOCw9Lbwx/wM47HLEY=",
        "owner": "L3MON4D3",
        "repo": "LuaSnip",
        "rev": "bc8ec05022743d3f08bda7a76c6bb5e9a9024581",
        "type": "github"
      },
      "original": {
        "owner": "L3MON4D3",
        "repo": "LuaSnip",
        "type": "github"
      }
    },
    "plugin:markdown-preview-nvim": {
      "flake": false,
      "locked": {
        "lastModified": 1652448059,
        "narHash": "sha256-e1Buvu/lkEt9V5LVDFKWTasnSX6EdtRgWyVDZA8LpUE=",
        "owner": "iamcco",
        "repo": "markdown-preview.nvim",
        "rev": "02cc3874738bc0f86e4b91f09b8a0ac88aef8e96",
        "type": "github"
      },
      "original": {
        "owner": "iamcco",
        "repo": "markdown-preview.nvim",
        "type": "github"
      }
    },
    "plugin:netman-nvim": {
      "flake": false,
      "locked": {
        "lastModified": 1679615583,
        "narHash": "sha256-uaNXGVSkelGXc8o5UUxaZ+8zROPVA2gEOy4lHK43tVo=",
        "owner": "miversen33",
        "repo": "netman.nvim",
        "rev": "0992ecede84db9591c59ee2131f39443f4a44f3c",
        "type": "github"
      },
      "original": {
        "owner": "miversen33",
        "repo": "netman.nvim",
        "type": "github"
      }
    },
    "plugin:nightfox": {
      "flake": false,
      "locked": {
        "lastModified": 1681260765,
        "narHash": "sha256-kPcwHr0qujlLGhN916zBLdNNh4QjgJMwMTSDmeWQKJk=",
        "owner": "EdenEast",
        "repo": "nightfox.nvim",
        "rev": "669b0ce7d02d511c06ceae6201392dc29906dfc0",
        "type": "github"
      },
      "original": {
        "owner": "EdenEast",
        "repo": "nightfox.nvim",
        "type": "github"
      }
    },
    "plugin:noice-nvim": {
      "flake": false,
      "locked": {
        "lastModified": 1679827108,
        "narHash": "sha256-05/yAwaoz7mAAKXP1CsRXUoqsTW/z1wAT0OodiYJw6M=",
        "owner": "folke",
        "repo": "noice.nvim",
        "rev": "1da4edfba3e9278e98fc9723d7235d9ab3889744",
        "type": "github"
      },
      "original": {
        "owner": "folke",
        "repo": "noice.nvim",
        "type": "github"
      }
    },
    "plugin:nui-nvim": {
      "flake": false,
      "locked": {
        "lastModified": 1680456408,
        "narHash": "sha256-Uv/AcgDtq/eMYwZvp+ypa3pN9W9uCYOrGn8j9Bq+ew8=",
        "owner": "MunifTanjim",
        "repo": "nui.nvim",
        "rev": "1f43b13d133eb4b4f53a4485379d9afa58808389",
        "type": "github"
      },
      "original": {
        "owner": "MunifTanjim",
        "repo": "nui.nvim",
        "type": "github"
      }
    },
    "plugin:null-ls-nvim": {
      "flake": false,
      "locked": {
        "lastModified": 1680706634,
        "narHash": "sha256-dqcdHOrGLjwsIt68eW/jv9Hei1F5yHleTCQl6D1pTWw=",
        "owner": "jose-elias-alvarez",
        "repo": "null-ls.nvim",
        "rev": "5855128178fa78293acdfb5b4e41ef046779240b",
        "type": "github"
      },
      "original": {
        "owner": "jose-elias-alvarez",
        "repo": "null-ls.nvim",
        "type": "github"
      }
    },
    "plugin:nvim-cmp": {
      "flake": false,
      "locked": {
        "lastModified": 1679026924,
        "narHash": "sha256-CoHGIiZrhRAHZ/Er0JSQMapI7jwllNF5OysLlx2QEik=",
        "owner": "hrsh7th",
        "repo": "nvim-cmp",
        "rev": "777450fd0ae289463a14481673e26246b5e38bf2",
        "type": "github"
      },
      "original": {
        "owner": "hrsh7th",
        "repo": "nvim-cmp",
        "type": "github"
      }
    },
    "plugin:nvim-lightbulb": {
      "flake": false,
      "locked": {
        "lastModified": 1661474119,
        "narHash": "sha256-nw6H/dS4dHdrobnrfJVa8urWrMnbTWrA5bQJy9xbKXY=",
        "owner": "kosayoda",
        "repo": "nvim-lightbulb",
        "rev": "56b9ce31ec9d09d560fe8787c0920f76bc208297",
        "type": "github"
      },
      "original": {
        "owner": "kosayoda",
        "repo": "nvim-lightbulb",
        "type": "github"
      }
    },
    "plugin:nvim-lspconfig": {
      "flake": false,
      "locked": {
        "lastModified": 1681000593,
        "narHash": "sha256-5c4ppywLffiCcxgbxP/E5T3A3WEFqzHLV6/kl/lLeDk=",
        "owner": "neovim",
        "repo": "nvim-lspconfig",
        "rev": "27e9e1d2638ffd133b06f314a49ac55825cb1017",
        "type": "github"
      },
      "original": {
        "owner": "neovim",
        "repo": "nvim-lspconfig",
        "type": "github"
      }
    },
    "plugin:nvim-notify": {
      "flake": false,
      "locked": {
        "lastModified": 1679522899,
        "narHash": "sha256-xkDr0tASezDmnxyLb7JvzCjE/HPv4ckqiJsBmaSR+Fs=",
        "owner": "rcarriga",
        "repo": "nvim-notify",
        "rev": "50d037041ada0895aeba4c0215cde6d11b7729c4",
        "type": "github"
      },
      "original": {
        "owner": "rcarriga",
        "repo": "nvim-notify",
        "type": "github"
      }
    },
    "plugin:nvim-tree-lua": {
      "flake": false,
      "locked": {
        "lastModified": 1681013463,
        "narHash": "sha256-X3nrgLXSRHOuEBq6dIRdd4hg6MxvCVmYTlC69VwLrYw=",
        "owner": "nvim-tree",
        "repo": "nvim-tree.lua",
        "rev": "086bf310bd19a7103ee7d761eb59f89f3dd23e21",
        "type": "github"
      },
      "original": {
        "owner": "nvim-tree",
        "repo": "nvim-tree.lua",
        "type": "github"
      }
    },
    "plugin:nvim-treesitter": {
      "flake": false,
      "locked": {
        "lastModified": 1680993246,
        "narHash": "sha256-xLbjUm0NP1xTBOvlaOZJTODJJYmMw4zzR0OnCQzjeJk=",
        "owner": "nvim-treesitter",
        "repo": "nvim-treesitter",
        "rev": "a57d2a599b57a619f58a5c91c89d9bf12f8977b2",
        "type": "github"
      },
      "original": {
        "owner": "nvim-treesitter",
        "repo": "nvim-treesitter",
        "type": "github"
      }
    },
    "plugin:nvim-treesitter-context": {
      "flake": false,
      "locked": {
        "lastModified": 1680902038,
        "narHash": "sha256-ZIGmcFCCLKEanF6EbwdzMqw4/C81LjJorPiChOBAZVA=",
        "owner": "nvim-treesitter",
        "repo": "nvim-treesitter-context",
        "rev": "38203f5e6c62617b3c07662dc71ce3047ecd90d3",
        "type": "github"
      },
      "original": {
        "owner": "nvim-treesitter",
        "repo": "nvim-treesitter-context",
        "type": "github"
      }
    },
    "plugin:nvim-treesitter-refactor": {
      "flake": false,
      "locked": {
        "lastModified": 1680645221,
        "narHash": "sha256-yzSkoH690qIEqvhiv0exeH7pS+J5ZVkqidEUOn0kb5M=",
        "owner": "nvim-treesitter",
        "repo": "nvim-treesitter-refactor",
        "rev": "65ad2eca822dfaec2a3603119ec3cc8826a7859e",
        "type": "github"
      },
      "original": {
        "owner": "nvim-treesitter",
        "repo": "nvim-treesitter-refactor",
        "type": "github"
      }
    },
    "plugin:nvim-web-devicons": {
      "flake": false,
      "locked": {
        "lastModified": 1680935814,
        "narHash": "sha256-ljQR8A4nCqLvXGDc83tjQmQJ3f1azk8R9JMfY/Q1hyE=",
        "owner": "nvim-tree",
        "repo": "nvim-web-devicons",
        "rev": "f16ec8f6e5d23e4349501dae46e0a661918e086e",
        "type": "github"
      },
      "original": {
        "owner": "nvim-tree",
        "repo": "nvim-web-devicons",
        "type": "github"
      }
    },
    "plugin:plenary-nvim": {
      "flake": false,
      "locked": {
        "lastModified": 1676797549,
        "narHash": "sha256-z5JHuQcF1EvySnRBywl6EOrp8aRO0nd2dnkXJg2ge58=",
        "owner": "nvim-lua",
        "repo": "plenary.nvim",
        "rev": "253d34830709d690f013daf2853a9d21ad7accab",
        "type": "github"
      },
      "original": {
        "owner": "nvim-lua",
        "repo": "plenary.nvim",
        "type": "github"
      }
    },
    "plugin:rust-tools-nvim": {
      "flake": false,
      "locked": {
        "lastModified": 1676929960,
        "narHash": "sha256-Cuk/vdoviB9ibt2rrkNRmNFy4S+6czhbExmIjTJRdZM=",
        "owner": "simrat39",
        "repo": "rust-tools.nvim",
        "rev": "71d2cf67b5ed120a0e31b2c8adb210dd2834242f",
        "type": "github"
      },
      "original": {
        "owner": "simrat39",
        "repo": "rust-tools.nvim",
        "type": "github"
      }
    },
    "plugin:telescope-nvim": {
      "flake": false,
      "locked": {
        "lastModified": 1681028497,
        "narHash": "sha256-KpiZxkhgXrNRHFbRGosyockYKbZpO1TpG4W64XV7ijg=",
        "owner": "nvim-telescope",
        "repo": "telescope.nvim",
        "rev": "2ea61f1952f0ad10e4fcc282468a06d3e69674c2",
        "type": "github"
      },
      "original": {
        "owner": "nvim-telescope",
        "repo": "telescope.nvim",
        "type": "github"
      }
    },
    "plugin:telescope-ui-select-nvim": {
      "flake": false,
      "locked": {
        "lastModified": 1651305900,
        "narHash": "sha256-/JM2KX70JXa3sydrUj13Vd4rRwhn3VrdW7qLLHqIqyY=",
        "owner": "nvim-telescope",
        "repo": "telescope-ui-select.nvim",
        "rev": "62ea5e58c7bbe191297b983a9e7e89420f581369",
        "type": "github"
      },
      "original": {
        "owner": "nvim-telescope",
        "repo": "telescope-ui-select.nvim",
        "type": "github"
      }
    },
    "plugin:tokyonight-nvim": {
      "flake": false,
      "locked": {
        "lastModified": 1679554571,
        "narHash": "sha256-M1fX5o8w6MbDX46HiN1Nw9xjG4Z79zraPKi0VUpyyVU=",
        "owner": "folke",
        "repo": "tokyonight.nvim",
        "rev": "1b0c88094548a62641ece1e668fa9a234e1c539e",
        "type": "github"
      },
      "original": {
        "owner": "folke",
        "repo": "tokyonight.nvim",
        "type": "github"
      }
    },
    "plugin:trouble-nvim": {
      "flake": false,
      "locked": {
        "lastModified": 1679827111,
        "narHash": "sha256-uw/wfMKoFN2sHw/99ZcqGKJ3jQVP9pkDHqDaXaYn3CA=",
        "owner": "folke",
        "repo": "trouble.nvim",
        "rev": "2ae7237c2917d661f458443c9a88680f8ca2d7b2",
        "type": "github"
      },
      "original": {
        "owner": "folke",
        "repo": "trouble.nvim",
        "type": "github"
      }
    },
    "plugin:vim-matchup": {
      "flake": false,
      "locked": {
        "lastModified": 1679755922,
        "narHash": "sha256-n+3EBHwAd7BOm/pxRPQvQmxc9gdwehr8ThiQ7ZImUKY=",
        "owner": "andymass",
        "repo": "vim-matchup",
        "rev": "156367e4cbd123bc9a70eeabeaa16f7cf9239e12",
        "type": "github"
      },
      "original": {
        "owner": "andymass",
        "repo": "vim-matchup",
        "type": "github"
      }
    },
    "poetry2nix": {
      "inputs": {
        "flake-utils": [
          "nixvim",
          "beautysh",
          "utils"
        ],
        "nixpkgs": [
          "nixvim",
          "beautysh",
          "nixpkgs"
        ]
      },
      "locked": {
        "lastModified": 1658665240,
        "narHash": "sha256-/wkx7D7enyBPRjIkK0w7QxLQhzEkb3UxNQnjyc3FTUI=",
        "owner": "nix-community",
        "repo": "poetry2nix",
        "rev": "8b8edc85d24661d5a6d0d71d6a7011f3e699780f",
        "type": "github"
      },
      "original": {
        "owner": "nix-community",
        "repo": "poetry2nix",
        "type": "github"
      }
    },
    "pre-commit-hooks": {
      "inputs": {
        "flake-compat": "flake-compat",
        "flake-utils": "flake-utils_3",
        "gitignore": "gitignore",
        "nixpkgs": [
          "nixvim",
          "nixpkgs"
        ],
        "nixpkgs-stable": "nixpkgs-stable"
      },
      "locked": {
        "lastModified": 1681413034,
        "narHash": "sha256-/t7OjNQcNkeWeSq/CFLYVBfm+IEnkjoSm9iKvArnUUI=",
        "owner": "cachix",
        "repo": "pre-commit-hooks.nix",
        "rev": "d3de8f69ca88fb6f8b09e5b598be5ac98d28ede5",
        "type": "github"
      },
      "original": {
        "owner": "cachix",
        "repo": "pre-commit-hooks.nix",
        "type": "github"
      }
    },
    "root": {
      "inputs": {
        "neovim-flake": "neovim-flake",
        "nixpkgs": "nixpkgs",
        "nixvim": "nixvim",
        "plugin:clangd_extensions-nvim": "plugin:clangd_extensions-nvim",
        "plugin:cmp-buffer": "plugin:cmp-buffer",
        "plugin:cmp-nvim-lsp": "plugin:cmp-nvim-lsp",
        "plugin:cmp-path": "plugin:cmp-path",
        "plugin:cmp_luasnip": "plugin:cmp_luasnip",
        "plugin:comment-nvim": "plugin:comment-nvim",
        "plugin:git-messenger-vim": "plugin:git-messenger-vim",
        "plugin:gitsigns-nvim": "plugin:gitsigns-nvim",
        "plugin:inc-rename-nvim": "plugin:inc-rename-nvim",
        "plugin:indent-blankline-nvim": "plugin:indent-blankline-nvim",
        "plugin:lspkind-nvim": "plugin:lspkind-nvim",
        "plugin:lualine-nvim": "plugin:lualine-nvim",
        "plugin:luasnip": "plugin:luasnip",
        "plugin:markdown-preview-nvim": "plugin:markdown-preview-nvim",
        "plugin:netman-nvim": "plugin:netman-nvim",
        "plugin:nightfox": "plugin:nightfox",
        "plugin:noice-nvim": "plugin:noice-nvim",
        "plugin:nui-nvim": "plugin:nui-nvim",
        "plugin:null-ls-nvim": "plugin:null-ls-nvim",
        "plugin:nvim-cmp": "plugin:nvim-cmp",
        "plugin:nvim-lightbulb": "plugin:nvim-lightbulb",
        "plugin:nvim-lspconfig": "plugin:nvim-lspconfig",
        "plugin:nvim-notify": "plugin:nvim-notify",
        "plugin:nvim-tree-lua": "plugin:nvim-tree-lua",
        "plugin:nvim-treesitter": "plugin:nvim-treesitter",
        "plugin:nvim-treesitter-context": "plugin:nvim-treesitter-context",
        "plugin:nvim-treesitter-refactor": "plugin:nvim-treesitter-refactor",
        "plugin:nvim-web-devicons": "plugin:nvim-web-devicons",
        "plugin:plenary-nvim": "plugin:plenary-nvim",
        "plugin:rust-tools-nvim": "plugin:rust-tools-nvim",
        "plugin:telescope-nvim": "plugin:telescope-nvim",
        "plugin:telescope-ui-select-nvim": "plugin:telescope-ui-select-nvim",
        "plugin:tokyonight-nvim": "plugin:tokyonight-nvim",
        "plugin:trouble-nvim": "plugin:trouble-nvim",
        "plugin:vim-matchup": "plugin:vim-matchup"
      }
    },
    "systems": {
      "locked": {
        "lastModified": 1681028828,
        "narHash": "sha256-Vy1rq5AaRuLzOxct8nz4T6wlgyUR7zLU309k9mBC768=",
        "owner": "nix-systems",
        "repo": "default",
        "rev": "da67096a3b9bf56a91d16901293e51ba5b49a27e",
        "type": "github"
      },
      "original": {
        "owner": "nix-systems",
        "repo": "default",
        "type": "github"
      }
    },
    "utils": {
      "locked": {
        "lastModified": 1678901627,
        "narHash": "sha256-U02riOqrKKzwjsxc/400XnElV+UtPUQWpANPlyazjH0=",
        "owner": "numtide",
        "repo": "flake-utils",
        "rev": "93a2b84fc4b70d9e089d029deacc3583435c2ed6",
        "type": "github"
      },
      "original": {
        "owner": "numtide",
        "repo": "flake-utils",
        "type": "github"
      }
    }
  },
  "root": "root",
  "version": 7
}
