{
  "nodes": {
    "beautysh": {
      "inputs": {
        "nixpkgs": [
          "nixvim",
          "nixpkgs"
        ],
        "poetry2nix": "poetry2nix",
        "utils": "utils"
      },
      "locked": {
        "lastModified": 1680308980,
        "narHash": "sha256-aUEHV0jk2qIFP3jlsWYWhBbm+w/N9gzH3e4I5DcdB5s=",
        "owner": "lovesegfault",
        "repo": "beautysh",
        "rev": "9845efc3ea3e86cc0d41465d720a47f521b2799c",
        "type": "github"
      },
      "original": {
        "owner": "lovesegfault",
        "repo": "beautysh",
        "type": "github"
      }
    },
    "flake-compat": {
      "flake": false,
      "locked": {
        "lastModified": 1673956053,
        "narHash": "sha256-4gtG9iQuiKITOjNQQeQIpoIB6b16fm+504Ch3sNKLd8=",
        "owner": "edolstra",
        "repo": "flake-compat",
        "rev": "35bb57c0c8d8b62bbfd284272c928ceb64ddbde9",
        "type": "github"
      },
      "original": {
        "owner": "edolstra",
        "repo": "flake-compat",
        "type": "github"
      }
    },
    "flake-utils": {
      "locked": {
        "lastModified": 1667395993,
        "narHash": "sha256-nuEHfE/LcWyuSWnS8t12N1wc105Qtau+/OdUAjtQ0rA=",
        "owner": "numtide",
        "repo": "flake-utils",
        "rev": "5aed5285a952e0b949eb3ba02c12fa4fcfef535f",
        "type": "github"
      },
      "original": {
        "owner": "numtide",
        "repo": "flake-utils",
        "type": "github"
      }
    },
    "flake-utils_2": {
      "inputs": {
        "systems": "systems"
      },
      "locked": {
        "lastModified": 1681202837,
        "narHash": "sha256-H+Rh19JDwRtpVPAWp64F+rlEtxUWBAQW28eAi3SRSzg=",
        "owner": "numtide",
        "repo": "flake-utils",
        "rev": "cfacdce06f30d2b68473a46042957675eebb3401",
        "type": "github"
      },
      "original": {
        "owner": "numtide",
        "repo": "flake-utils",
        "type": "github"
      }
    },
    "flake-utils_3": {
      "locked": {
        "lastModified": 1667395993,
        "narHash": "sha256-nuEHfE/LcWyuSWnS8t12N1wc105Qtau+/OdUAjtQ0rA=",
        "owner": "numtide",
        "repo": "flake-utils",
        "rev": "5aed5285a952e0b949eb3ba02c12fa4fcfef535f",
        "type": "github"
      },
      "original": {
        "owner": "numtide",
        "repo": "flake-utils",
        "type": "github"
      }
    },
    "gitignore": {
      "inputs": {
        "nixpkgs": [
          "nixvim",
          "pre-commit-hooks",
          "nixpkgs"
        ]
      },
      "locked": {
        "lastModified": 1660459072,
        "narHash": "sha256-8DFJjXG8zqoONA1vXtgeKXy68KdJL5UaXR8NtVMUbx8=",
        "owner": "hercules-ci",
        "repo": "gitignore.nix",
        "rev": "a20de23b925fd8264fd7fad6454652e142fd7f73",
        "type": "github"
      },
      "original": {
        "owner": "hercules-ci",
        "repo": "gitignore.nix",
        "type": "github"
      }
    },
    "neovim-flake": {
      "inputs": {
        "flake-utils": "flake-utils",
        "nixpkgs": [
          "nixpkgs"
        ]
      },
      "locked": {
        "dir": "contrib",
        "lastModified": 1681906529,
        "narHash": "sha256-HbRuDCtORwI4k9Z2cYbeqYOcddt9iqMlvFhKr64g1Ko=",
        "owner": "neovim",
        "repo": "neovim",
        "rev": "7bf1a917b78ebc622b6691af9196b95b4a9d3142",
        "type": "github"
      },
      "original": {
        "dir": "contrib",
        "owner": "neovim",
        "repo": "neovim",
        "type": "github"
      }
    },
    "nixpkgs": {
      "locked": {
        "lastModified": 1681753173,
        "narHash": "sha256-MrGmzZWLUqh2VstoikKLFFIELXm/lsf/G9U9zR96VD4=",
        "owner": "nixos",
        "repo": "nixpkgs",
        "rev": "0a4206a51b386e5cda731e8ac78d76ad924c7125",
        "type": "github"
      },
      "original": {
        "owner": "nixos",
        "ref": "nixpkgs-unstable",
        "repo": "nixpkgs",
        "type": "github"
      }
    },
    "nixpkgs-stable": {
      "locked": {
        "lastModified": 1678872516,
        "narHash": "sha256-/E1YwtMtFAu2KUQKV/1+KFuReYPANM2Rzehk84VxVoc=",
        "owner": "NixOS",
        "repo": "nixpkgs",
        "rev": "9b8e5abb18324c7fe9f07cb100c3cd4a29cda8b8",
        "type": "github"
      },
      "original": {
        "owner": "NixOS",
        "ref": "nixos-22.11",
        "repo": "nixpkgs",
        "type": "github"
      }
    },
    "nixvim": {
      "inputs": {
        "beautysh": "beautysh",
        "flake-utils": "flake-utils_2",
        "nixpkgs": [
          "nixpkgs"
        ],
        "pre-commit-hooks": "pre-commit-hooks"
      },
      "locked": {
        "lastModified": 1681907402,
        "narHash": "sha256-JMNJ8Xk9kjRhEo3jgm5+b5JICXgs3E4uIUi6SC5DhO8=",
        "owner": "pta2002",
        "repo": "nixvim",
        "rev": "bc468178aef56ab4d473a9cc8fa83c588cf91e4e",
        "type": "github"
      },
      "original": {
        "owner": "pta2002",
        "repo": "nixvim",
        "type": "github"
      }
    },
    "plugin:clangd_extensions-nvim": {
      "flake": false,
      "locked": {
        "lastModified": 1678444861,
        "narHash": "sha256-9WOHlHA8ZntaEe8qFZm9B4KXH2mnYxJ6VC06F3TgxhQ=",
        "owner": "p00f",
        "repo": "clangd_extensions.nvim",
        "rev": "798e377ec859087132b81d2f347b5080580bd6b1",
        "type": "github"
      },
      "original": {
        "owner": "p00f",
        "repo": "clangd_extensions.nvim",
        "type": "github"
      }
    },
    "plugin:cmp-buffer": {
      "flake": false,
      "locked": {
        "lastModified": 1660101488,
        "narHash": "sha256-dG4U7MtnXThoa/PD+qFtCt76MQ14V1wX8GMYcvxEnbM=",
        "owner": "hrsh7th",
        "repo": "cmp-buffer",
        "rev": "3022dbc9166796b644a841a02de8dd1cc1d311fa",
        "type": "github"
      },
      "original": {
        "owner": "hrsh7th",
        "repo": "cmp-buffer",
        "type": "github"
      }
    },
    "plugin:cmp-nvim-lsp": {
      "flake": false,
      "locked": {
        "lastModified": 1675708067,
        "narHash": "sha256-DxpcPTBlvVP88PDoTheLV2fC76EXDqS2UpM5mAfj/D4=",
        "owner": "hrsh7th",
        "repo": "cmp-nvim-lsp",
        "rev": "0e6b2ed705ddcff9738ec4ea838141654f12eeef",
        "type": "github"
      },
      "original": {
        "owner": "hrsh7th",
        "repo": "cmp-nvim-lsp",
        "type": "github"
      }
    },
    "plugin:cmp-path": {
      "flake": false,
      "locked": {
        "lastModified": 1664784283,
        "narHash": "sha256-thppiiV3wjIaZnAXmsh7j3DUc6ceSCvGzviwFUnoPaI=",
        "owner": "hrsh7th",
        "repo": "cmp-path",
        "rev": "91ff86cd9c29299a64f968ebb45846c485725f23",
        "type": "github"
      },
      "original": {
        "owner": "hrsh7th",
        "repo": "cmp-path",
        "type": "github"
      }
    },
    "plugin:cmp_luasnip": {
      "flake": false,
      "locked": {
        "lastModified": 1666943769,
        "narHash": "sha256-Z5SPy3j2oHFxJ7bK8DP8Q/oRyLEMlnWyIfDaQcNVIS0=",
        "owner": "saadparwaiz1",
        "repo": "cmp_luasnip",
        "rev": "18095520391186d634a0045dacaa346291096566",
        "type": "github"
      },
      "original": {
        "owner": "saadparwaiz1",
        "repo": "cmp_luasnip",
        "type": "github"
      }
    },
    "plugin:comment-nvim": {
      "flake": false,
      "locked": {
        "lastModified": 1681289112,
        "narHash": "sha256-Zrxf50YlAaCERZFAbg4Ece+wI4buHl+K2IIw0qpASGA=",
        "owner": "numtostr",
        "repo": "comment.nvim",
        "rev": "a89339ffbee677ab0521a483b6dac7e2e67c907e",
        "type": "github"
      },
      "original": {
        "owner": "numtostr",
        "repo": "comment.nvim",
        "type": "github"
      }
    },
    "plugin:dashboard-nvim": {
      "flake": false,
      "locked": {
        "lastModified": 1681720765,
        "narHash": "sha256-7RBjr3svkEYgmWeB3GwksoHS8Ps74YcqNYBfynUaXvM=",
        "owner": "glepnir",
        "repo": "dashboard-nvim",
        "rev": "275e7c8579858c3ee06f32c16bdc687153ca7204",
        "type": "github"
      },
      "original": {
        "owner": "glepnir",
        "repo": "dashboard-nvim",
        "type": "github"
      }
    },
    "plugin:git-messenger-vim": {
      "flake": false,
      "locked": {
        "lastModified": 1661833086,
        "narHash": "sha256-SAnGSSjHbwlpkpyjlINr5rgL7M28W42bWGvQrkOQl1w=",
        "owner": "rhysd",
        "repo": "git-messenger.vim",
        "rev": "8a61bdfa351d4df9a9118ee1d3f45edbed617072",
        "type": "github"
      },
      "original": {
        "owner": "rhysd",
        "repo": "git-messenger.vim",
        "type": "github"
      }
    },
    "plugin:gitsigns-nvim": {
      "flake": false,
      "locked": {
        "lastModified": 1680593514,
        "narHash": "sha256-nUVVEO06giiJURxT7qNHbX9C1ljZtchUeOdEoCQBk3E=",
        "owner": "lewis6991",
        "repo": "gitsigns.nvim",
        "rev": "372d5cb485f2062ac74abc5b33054abac21d8b58",
        "type": "github"
      },
      "original": {
        "owner": "lewis6991",
        "repo": "gitsigns.nvim",
        "type": "github"
      }
    },
    "plugin:inc-rename-nvim": {
      "flake": false,
      "locked": {
        "lastModified": 1680737971,
        "narHash": "sha256-2D2jlDSeB2fy5/PK3M7aHk/X4Zv7esKPya3QOiH8GdI=",
        "owner": "smjonas",
        "repo": "inc-rename.nvim",
        "rev": "fb1b7468f27d874feb209eac46be5205e20b7fd3",
        "type": "github"
      },
      "original": {
        "owner": "smjonas",
        "repo": "inc-rename.nvim",
        "type": "github"
      }
    },
    "plugin:indent-blankline-nvim": {
      "flake": false,
      "locked": {
        "lastModified": 1676854912,
        "narHash": "sha256-dBm0vnza+fBYxlgUDR1/57GZ+kd7CUVgkQIcZEFWl9k=",
        "owner": "lukas-reineke",
        "repo": "indent-blankline.nvim",
        "rev": "018bd04d80c9a73d399c1061fa0c3b14a7614399",
        "type": "github"
      },
      "original": {
        "owner": "lukas-reineke",
        "repo": "indent-blankline.nvim",
        "type": "github"
      }
    },
    "plugin:lspkind-nvim": {
      "flake": false,
      "locked": {
        "lastModified": 1663824370,
        "narHash": "sha256-WwUQ+O2rIfD4yl0GFx70GsZc9nnhS7b2KWfNdaXCLmM=",
        "owner": "onsails",
        "repo": "lspkind.nvim",
        "rev": "c68b3a003483cf382428a43035079f78474cd11e",
        "type": "github"
      },
      "original": {
        "owner": "onsails",
        "repo": "lspkind.nvim",
        "type": "github"
      }
    },
    "plugin:lualine-nvim": {
      "flake": false,
      "locked": {
        "lastModified": 1681033736,
        "narHash": "sha256-u79S3wFJ72vcLp7F0f/s21Kvl/pMRI8CkB+8usPQob4=",
        "owner": "nvim-lualine",
        "repo": "lualine.nvim",
        "rev": "84ffb80e452d95e2c46fa29a98ea11a240f7843e",
        "type": "github"
      },
      "original": {
        "owner": "nvim-lualine",
        "repo": "lualine.nvim",
        "type": "github"
      }
    },
    "plugin:luasnip": {
      "flake": false,
      "locked": {
        "lastModified": 1681769001,
        "narHash": "sha256-ymH5iiMcCAfpU2W/2W6cFbQgZUSRSieUmdsWoizTaZg=",
        "owner": "L3MON4D3",
        "repo": "LuaSnip",
        "rev": "8d6c0a93dec34900577ba725e91c44b8d3ca1f45",
        "type": "github"
      },
      "original": {
        "owner": "L3MON4D3",
        "repo": "LuaSnip",
        "type": "github"
      }
    },
    "plugin:markdown-preview-nvim": {
      "flake": false,
      "locked": {
        "lastModified": 1652448059,
        "narHash": "sha256-e1Buvu/lkEt9V5LVDFKWTasnSX6EdtRgWyVDZA8LpUE=",
        "owner": "iamcco",
        "repo": "markdown-preview.nvim",
        "rev": "02cc3874738bc0f86e4b91f09b8a0ac88aef8e96",
        "type": "github"
      },
      "original": {
        "owner": "iamcco",
        "repo": "markdown-preview.nvim",
        "type": "github"
      }
    },
    "plugin:netman-nvim": {
      "flake": false,
      "locked": {
        "lastModified": 1681867264,
        "narHash": "sha256-TCPmOVZBWdW5q1Bl2FpvVFXS/tkUWHPYI1FKzhjwnc8=",
        "owner": "miversen33",
        "repo": "netman.nvim",
        "rev": "cd5b2c4802d2014df1bc1d07c37aa2271e6ba725",
        "type": "github"
      },
      "original": {
        "owner": "miversen33",
        "repo": "netman.nvim",
        "type": "github"
      }
    },
    "plugin:nightfox": {
      "flake": false,
      "locked": {
        "lastModified": 1681260765,
        "narHash": "sha256-kPcwHr0qujlLGhN916zBLdNNh4QjgJMwMTSDmeWQKJk=",
        "owner": "EdenEast",
        "repo": "nightfox.nvim",
        "rev": "669b0ce7d02d511c06ceae6201392dc29906dfc0",
        "type": "github"
      },
      "original": {
        "owner": "EdenEast",
        "repo": "nightfox.nvim",
        "type": "github"
      }
    },
    "plugin:noice-nvim": {
      "flake": false,
      "locked": {
        "lastModified": 1681806226,
        "narHash": "sha256-VXb3v8CRQQ51Xie4ZNDuk65x9QnHXxoSU5sft55ddwA=",
        "owner": "folke",
        "repo": "noice.nvim",
        "rev": "7bd435a48a2d2b3f028c633126e3f669ae6b902f",
        "type": "github"
      },
      "original": {
        "owner": "folke",
        "repo": "noice.nvim",
        "type": "github"
      }
    },
    "plugin:nui-nvim": {
      "flake": false,
      "locked": {
        "lastModified": 1681244240,
        "narHash": "sha256-IlbOt9fCBklx3i8OY2DZwa/8OV+yGOLBm8HUeVLseIw=",
        "owner": "MunifTanjim",
        "repo": "nui.nvim",
        "rev": "ecd9def93891b9260b15b5fcef542eaabf4145c9",
        "type": "github"
      },
      "original": {
        "owner": "MunifTanjim",
        "repo": "nui.nvim",
        "type": "github"
      }
    },
    "plugin:null-ls-nvim": {
      "flake": false,
      "locked": {
        "lastModified": 1681223720,
        "narHash": "sha256-L3inC3YpiNdFdArqHdqR0n7g//moTvLYybQafFgkbDE=",
        "owner": "jose-elias-alvarez",
        "repo": "null-ls.nvim",
        "rev": "f8ffcd7cb8fb3325c711d459152ef132b5b65aed",
        "type": "github"
      },
      "original": {
        "owner": "jose-elias-alvarez",
        "repo": "null-ls.nvim",
        "type": "github"
      }
    },
    "plugin:nvim-cmp": {
      "flake": false,
      "locked": {
        "lastModified": 1679026924,
        "narHash": "sha256-CoHGIiZrhRAHZ/Er0JSQMapI7jwllNF5OysLlx2QEik=",
        "owner": "hrsh7th",
        "repo": "nvim-cmp",
        "rev": "777450fd0ae289463a14481673e26246b5e38bf2",
        "type": "github"
      },
      "original": {
        "owner": "hrsh7th",
        "repo": "nvim-cmp",
        "type": "github"
      }
    },
    "plugin:nvim-lightbulb": {
      "flake": false,
      "locked": {
        "lastModified": 1681594259,
        "narHash": "sha256-vMFl6Nzc0ZxTa4lQ5FEnE9GkxbPuu5/skufgsR34BSE=",
        "owner": "kosayoda",
        "repo": "nvim-lightbulb",
        "rev": "ca5b44a8efffb5fec1963ccd21f25ec04cc778b7",
        "type": "github"
      },
      "original": {
        "owner": "kosayoda",
        "repo": "nvim-lightbulb",
        "type": "github"
      }
    },
    "plugin:nvim-lspconfig": {
      "flake": false,
      "locked": {
        "lastModified": 1681647398,
        "narHash": "sha256-jrVzwC9nO2gLmIKQ9gTRW/fsXc4ad7/rR917Krmv874=",
        "owner": "neovim",
        "repo": "nvim-lspconfig",
        "rev": "eddaef928c1e1dd79a96f5db45f2fd7f2efe7ea0",
        "type": "github"
      },
      "original": {
        "owner": "neovim",
        "repo": "nvim-lspconfig",
        "type": "github"
      }
    },
    "plugin:nvim-notify": {
      "flake": false,
      "locked": {
        "lastModified": 1681892404,
        "narHash": "sha256-TEjd5Ikq0QFkmamlCRUgAMd6f53Cz/+2n6mfNEaxZQs=",
        "owner": "rcarriga",
        "repo": "nvim-notify",
        "rev": "159c6cf1be25a933f35e97499314c9faab55c98f",
        "type": "github"
      },
      "original": {
        "owner": "rcarriga",
        "repo": "nvim-notify",
        "type": "github"
      }
    },
    "plugin:nvim-tree-lua": {
      "flake": false,
      "locked": {
        "lastModified": 1681801884,
        "narHash": "sha256-AgkDJsCaQbPHyF9ryfQAOb2Dnuk1w2JJuABULxbw3kc=",
        "owner": "nvim-tree",
        "repo": "nvim-tree.lua",
        "rev": "0db85a70248f9a90e61af5cdbafe5d9f4320f719",
        "type": "github"
      },
      "original": {
        "owner": "nvim-tree",
        "repo": "nvim-tree.lua",
        "type": "github"
      }
    },
    "plugin:nvim-treesitter": {
      "flake": false,
      "locked": {
        "lastModified": 1681885680,
        "narHash": "sha256-SqTweY/3hnehRF3vAqSt5klNACBUCDe6853trc+9o9I=",
        "owner": "nvim-treesitter",
        "repo": "nvim-treesitter",
        "rev": "831f37635df26864a397a5e35450eec97bfe60cd",
        "type": "github"
      },
      "original": {
        "owner": "nvim-treesitter",
        "repo": "nvim-treesitter",
        "type": "github"
      }
    },
    "plugin:nvim-treesitter-context": {
      "flake": false,
      "locked": {
        "lastModified": 1681297663,
        "narHash": "sha256-INYJBQDHgq+2V469JLIq54LolGb6T7nlgmmVDQcxwkk=",
        "owner": "nvim-treesitter",
        "repo": "nvim-treesitter-context",
        "rev": "0d730df898f3dc27fd88f03cfa6d26d2405554b4",
        "type": "github"
      },
      "original": {
        "owner": "nvim-treesitter",
        "repo": "nvim-treesitter-context",
        "type": "github"
      }
    },
    "plugin:nvim-treesitter-refactor": {
      "flake": false,
      "locked": {
        "lastModified": 1680645221,
        "narHash": "sha256-yzSkoH690qIEqvhiv0exeH7pS+J5ZVkqidEUOn0kb5M=",
        "owner": "nvim-treesitter",
        "repo": "nvim-treesitter-refactor",
        "rev": "65ad2eca822dfaec2a3603119ec3cc8826a7859e",
        "type": "github"
      },
      "original": {
        "owner": "nvim-treesitter",
        "repo": "nvim-treesitter-refactor",
        "type": "github"
      }
    },
    "plugin:nvim-web-devicons": {
      "flake": false,
      "locked": {
        "lastModified": 1681235235,
        "narHash": "sha256-lAjk2Kpyxabe21ut7xCvhE2+we8hsEZWpcJrYLbhWqM=",
        "owner": "nvim-tree",
        "repo": "nvim-web-devicons",
        "rev": "4ec26d67d419c12a4abaea02f1b6c57b40c08d7e",
        "type": "github"
      },
      "original": {
        "owner": "nvim-tree",
        "repo": "nvim-web-devicons",
        "type": "github"
      }
    },
    "plugin:plenary-nvim": {
      "flake": false,
      "locked": {
        "lastModified": 1681122243,
        "narHash": "sha256-tG+BrCgE1L7QMbchSzjLfQfpI09uTQXbx7OeFuVEcDQ=",
        "owner": "nvim-lua",
        "repo": "plenary.nvim",
        "rev": "9ac3e9541bbabd9d73663d757e4fe48a675bb054",
        "type": "github"
      },
      "original": {
        "owner": "nvim-lua",
        "repo": "plenary.nvim",
        "type": "github"
      }
    },
    "plugin:rust-tools-nvim": {
      "flake": false,
      "locked": {
        "lastModified": 1676929960,
        "narHash": "sha256-Cuk/vdoviB9ibt2rrkNRmNFy4S+6czhbExmIjTJRdZM=",
        "owner": "simrat39",
        "repo": "rust-tools.nvim",
        "rev": "71d2cf67b5ed120a0e31b2c8adb210dd2834242f",
        "type": "github"
      },
      "original": {
        "owner": "simrat39",
        "repo": "rust-tools.nvim",
        "type": "github"
      }
    },
    "plugin:telescope-nvim": {
      "flake": false,
      "locked": {
        "lastModified": 1681122231,
        "narHash": "sha256-UMidzUf2nhG577Minzm3QYu0ZNPoK/rXEyUdvZ/5nFw=",
        "owner": "nvim-telescope",
        "repo": "telescope.nvim",
        "rev": "6258d50b09f9ae087317e392efe7c05a7323492d",
        "type": "github"
      },
      "original": {
        "owner": "nvim-telescope",
        "repo": "telescope.nvim",
        "type": "github"
      }
    },
    "plugin:telescope-ui-select-nvim": {
      "flake": false,
      "locked": {
        "lastModified": 1651305900,
        "narHash": "sha256-/JM2KX70JXa3sydrUj13Vd4rRwhn3VrdW7qLLHqIqyY=",
        "owner": "nvim-telescope",
        "repo": "telescope-ui-select.nvim",
        "rev": "62ea5e58c7bbe191297b983a9e7e89420f581369",
        "type": "github"
      },
      "original": {
        "owner": "nvim-telescope",
        "repo": "telescope-ui-select.nvim",
        "type": "github"
      }
    },
    "plugin:tokyonight-nvim": {
      "flake": false,
      "locked": {
        "lastModified": 1681903108,
        "narHash": "sha256-YdmxTUnCdZqnEqJpFnL/4gvi6fFNPBZ+iZ4F52SSjP0=",
        "owner": "folke",
        "repo": "tokyonight.nvim",
        "rev": "ff81eac0ecf85db235dfc4c9d54f2d07d662a423",
        "type": "github"
      },
      "original": {
        "owner": "folke",
        "repo": "tokyonight.nvim",
        "type": "github"
      }
    },
    "plugin:trouble-nvim": {
      "flake": false,
      "locked": {
        "lastModified": 1681796330,
        "narHash": "sha256-kW5vRqKRUG3I5/DgWnMpXeQHbaFBcYDlzEpg2bvKAUA=",
        "owner": "folke",
        "repo": "trouble.nvim",
        "rev": "d56bfc0c501ced4002a57cb60433362fb2ce9c4d",
        "type": "github"
      },
      "original": {
        "owner": "folke",
        "repo": "trouble.nvim",
        "type": "github"
      }
    },
    "plugin:vim-matchup": {
      "flake": false,
      "locked": {
        "lastModified": 1681773715,
        "narHash": "sha256-EYmU9AA1SY6FV4WCR+UhhBoDqrTCD5Xi5r66MGgAtJg=",
        "owner": "andymass",
        "repo": "vim-matchup",
        "rev": "5fa824acc89d04b54c12126d768ab71ba7f1c686",
        "type": "github"
      },
      "original": {
        "owner": "andymass",
        "repo": "vim-matchup",
        "type": "github"
      }
    },
    "poetry2nix": {
      "inputs": {
        "flake-utils": [
          "nixvim",
          "beautysh",
          "utils"
        ],
        "nixpkgs": [
          "nixvim",
          "beautysh",
          "nixpkgs"
        ]
      },
      "locked": {
        "lastModified": 1658665240,
        "narHash": "sha256-/wkx7D7enyBPRjIkK0w7QxLQhzEkb3UxNQnjyc3FTUI=",
        "owner": "nix-community",
        "repo": "poetry2nix",
        "rev": "8b8edc85d24661d5a6d0d71d6a7011f3e699780f",
        "type": "github"
      },
      "original": {
        "owner": "nix-community",
        "repo": "poetry2nix",
        "type": "github"
      }
    },
    "pre-commit-hooks": {
      "inputs": {
        "flake-compat": "flake-compat",
        "flake-utils": "flake-utils_3",
        "gitignore": "gitignore",
        "nixpkgs": [
          "nixvim",
          "nixpkgs"
        ],
        "nixpkgs-stable": "nixpkgs-stable"
      },
      "locked": {
        "lastModified": 1681413034,
        "narHash": "sha256-/t7OjNQcNkeWeSq/CFLYVBfm+IEnkjoSm9iKvArnUUI=",
        "owner": "cachix",
        "repo": "pre-commit-hooks.nix",
        "rev": "d3de8f69ca88fb6f8b09e5b598be5ac98d28ede5",
        "type": "github"
      },
      "original": {
        "owner": "cachix",
        "repo": "pre-commit-hooks.nix",
        "type": "github"
      }
    },
    "root": {
      "inputs": {
        "neovim-flake": "neovim-flake",
        "nixpkgs": "nixpkgs",
        "nixvim": "nixvim",
        "plugin:clangd_extensions-nvim": "plugin:clangd_extensions-nvim",
        "plugin:cmp-buffer": "plugin:cmp-buffer",
        "plugin:cmp-nvim-lsp": "plugin:cmp-nvim-lsp",
        "plugin:cmp-path": "plugin:cmp-path",
        "plugin:cmp_luasnip": "plugin:cmp_luasnip",
        "plugin:comment-nvim": "plugin:comment-nvim",
        "plugin:dashboard-nvim": "plugin:dashboard-nvim",
        "plugin:git-messenger-vim": "plugin:git-messenger-vim",
        "plugin:gitsigns-nvim": "plugin:gitsigns-nvim",
        "plugin:inc-rename-nvim": "plugin:inc-rename-nvim",
        "plugin:indent-blankline-nvim": "plugin:indent-blankline-nvim",
        "plugin:lspkind-nvim": "plugin:lspkind-nvim",
        "plugin:lualine-nvim": "plugin:lualine-nvim",
        "plugin:luasnip": "plugin:luasnip",
        "plugin:markdown-preview-nvim": "plugin:markdown-preview-nvim",
        "plugin:netman-nvim": "plugin:netman-nvim",
        "plugin:nightfox": "plugin:nightfox",
        "plugin:noice-nvim": "plugin:noice-nvim",
        "plugin:nui-nvim": "plugin:nui-nvim",
        "plugin:null-ls-nvim": "plugin:null-ls-nvim",
        "plugin:nvim-cmp": "plugin:nvim-cmp",
        "plugin:nvim-lightbulb": "plugin:nvim-lightbulb",
        "plugin:nvim-lspconfig": "plugin:nvim-lspconfig",
        "plugin:nvim-notify": "plugin:nvim-notify",
        "plugin:nvim-tree-lua": "plugin:nvim-tree-lua",
        "plugin:nvim-treesitter": "plugin:nvim-treesitter",
        "plugin:nvim-treesitter-context": "plugin:nvim-treesitter-context",
        "plugin:nvim-treesitter-refactor": "plugin:nvim-treesitter-refactor",
        "plugin:nvim-web-devicons": "plugin:nvim-web-devicons",
        "plugin:plenary-nvim": "plugin:plenary-nvim",
        "plugin:rust-tools-nvim": "plugin:rust-tools-nvim",
        "plugin:telescope-nvim": "plugin:telescope-nvim",
        "plugin:telescope-ui-select-nvim": "plugin:telescope-ui-select-nvim",
        "plugin:tokyonight-nvim": "plugin:tokyonight-nvim",
        "plugin:trouble-nvim": "plugin:trouble-nvim",
        "plugin:vim-matchup": "plugin:vim-matchup"
      }
    },
    "systems": {
      "locked": {
        "lastModified": 1681028828,
        "narHash": "sha256-Vy1rq5AaRuLzOxct8nz4T6wlgyUR7zLU309k9mBC768=",
        "owner": "nix-systems",
        "repo": "default",
        "rev": "da67096a3b9bf56a91d16901293e51ba5b49a27e",
        "type": "github"
      },
      "original": {
        "owner": "nix-systems",
        "repo": "default",
        "type": "github"
      }
    },
    "utils": {
      "locked": {
        "lastModified": 1678901627,
        "narHash": "sha256-U02riOqrKKzwjsxc/400XnElV+UtPUQWpANPlyazjH0=",
        "owner": "numtide",
        "repo": "flake-utils",
        "rev": "93a2b84fc4b70d9e089d029deacc3583435c2ed6",
        "type": "github"
      },
      "original": {
        "owner": "numtide",
        "repo": "flake-utils",
        "type": "github"
      }
    }
  },
  "root": "root",
  "version": 7
}
